<?xml version="1.0" encoding="utf-8"?>
<Project ToolsVersion="4.0" xmlns="http://schemas.microsoft.com/developer/msbuild/2003">
  <ItemGroup>
    <ClInclude Include="ThirdParty\coreclr_delegates.h" />
    <ClInclude Include="ThirdParty\hostfxr.h" />
    <ClInclude Include="ThirdParty\renderdoc_app.h" />
    <ClInclude Include="Public\Engine\Memory\Allocator.h" />
    <ClInclude Include="Public\Engine\Application.h" />
    <ClInclude Include="Public\Engine\AssetManger.h" />
    <ClInclude Include="Public\Engine\Component.h" />
    <ClInclude Include="Public\Engine\Debug.h" />
    <ClInclude Include="Public\Engine\EngineTimer.h" />
    <ClInclude Include="Public\Engine\Rendering\Gizmos.h" />
    <ClInclude Include="Public\Engine\Misc\HashUtils.h" />
    <ClInclude Include="Public\Engine\ImGui\IconsFontAwesome6.h" />
    <ClInclude Include="Public\Engine\ImGui\IconsFontAwesome6Brands.h" />
    <ClInclude Include="Public\Engine\ImGui\ImGuiBackend.h" />
    <ClInclude Include="Public\Engine\Ints.h" />
    <ClInclude Include="Public\Engine\Misc\MathUtils.h" />
    <ClInclude Include="Public\Engine\Misc\PathUtils.h" />
    <ClInclude Include="Public\Engine\Misc\StringUtils.h" />
    <ClInclude Include="Public\Engine\Transform.h" />
    <ClInclude Include="Public\Engine\Scripting\DotNetMarshal.h" />
    <ClInclude Include="Public\Engine\Scripting\DotNetRuntime.h" />
    <ClInclude Include="Public\Engine\Scripting\DotNetTypeTraits.h" />
    <ClInclude Include="Public\Engine\Scripting\InteropServices.h" />
    <ClInclude Include="Public\Engine\Rendering\D3D12Impl\Camera.h" />
    <ClInclude Include="Public\Engine\Rendering\Light.h" />
    <ClInclude Include="Public\Engine\Rendering\RenderGraphImpl\RenderGraphCore.h" />
    <ClInclude Include="Public\Engine\Rendering\RenderGraphImpl\RenderGraphResource.h" />
    <ClInclude Include="Public\Engine\Rendering\RenderPipeline.h" />
    <ClInclude Include="Public\Engine\Rendering\Display.h" />
    <ClInclude Include="Public\Engine\Rendering\D3D12Impl\GfxBuffer.h" />
    <ClInclude Include="Public\Engine\Rendering\D3D12Impl\GfxCommand.h" />
    <ClInclude Include="Public\Engine\Rendering\D3D12Impl\GfxDescriptor.h" />
    <ClInclude Include="Public\Engine\Rendering\D3D12Impl\GfxDevice.h" />
    <ClInclude Include="Public\Engine\Rendering\D3D12Impl\GfxMesh.h" />
    <ClInclude Include="Public\Engine\Rendering\D3D12Impl\GfxResource.h" />
    <ClInclude Include="Public\Engine\Rendering\D3D12Impl\GfxSettings.h" />
    <ClInclude Include="Public\Engine\Rendering\D3D12Impl\GfxSwapChain.h" />
    <ClInclude Include="Public\Engine\Rendering\D3D12Impl\GfxTexture.h" />
    <ClInclude Include="Public\Engine\Rendering\D3D12Impl\GfxUtils.h" />
    <ClInclude Include="Public\Engine\Rendering\D3D12Impl\Material.h" />
    <ClInclude Include="Public\Engine\Rendering\D3D12Impl\MeshRenderer.h" />
    <ClInclude Include="Internal\pch.h" />
    <ClInclude Include="Public\Engine\JobManager.h" />
    <ClInclude Include="Public\Engine\Object.h" />
    <ClInclude Include="Public\Engine\Rendering\D3D12Impl\ShaderUtils.h" />
    <ClInclude Include="Public\Engine\Rendering\D3D12Impl\ShaderKeyword.h" />
    <ClInclude Include="Public\Engine\Rendering\D3D12Impl\ShaderProgram.h" />
    <ClInclude Include="Public\Engine\Rendering\D3D12Impl\ShaderGraphics.h" />
    <ClInclude Include="Public\Engine\Rendering\D3D12Impl\ShaderCompute.h" />
    <ClInclude Include="Public\Engine\Rendering\D3D12.h" />
    <ClInclude Include="Public\Engine\Memory\RefCounting.h" />
    <ClInclude Include="Public\Engine\Rendering\D3D12Impl\GfxException.h" />
    <ClInclude Include="Public\Engine\Rendering\D3D12Impl\GfxPipeline.h" />
    <ClInclude Include="Public\Engine\Rendering\RenderGraph.h" />
    <ClInclude Include="Public\Engine\Profiling\FrameDebugger.h" />
    <ClInclude Include="Public\Engine\Misc\SequenceUtils.h" />
    <ClInclude Include="Public\Engine\InlineArray.h" />
    <ClInclude Include="Public\Engine\ImGui\ImGuiStyleManager.h" />
  </ItemGroup>
  <ItemGroup>
    <ClCompile Include="Private\Memory\Allocator.cpp" />
    <ClCompile Include="Private\Application.binding.cpp" />
    <ClCompile Include="Private\Application.cpp" />
    <ClCompile Include="Private\AssetManager.cpp" />
    <ClCompile Include="Private\Component.binding.cpp" />
    <ClCompile Include="Private\Debug.binding.cpp" />
    <ClCompile Include="Private\Debug.cpp" />
    <ClCompile Include="Private\EngineTimer.cpp" />
    <ClCompile Include="Private\Rendering\Gizmos.binding.cpp" />
    <ClCompile Include="Private\Rendering\Gizmos.cpp" />
    <ClCompile Include="Private\ImGui\ImGuiBackend.cpp" />
    <ClCompile Include="Private\Misc\PathUtils.cpp" />
    <ClCompile Include="Private\Misc\StringUtils.cpp" />
    <ClCompile Include="Private\Transform.binding.cpp" />
    <ClCompile Include="Private\Transform.cpp" />
    <ClCompile Include="Private\Scripting\DotNetRuntime.cpp" />
    <ClCompile Include="Private\Scripting\InteropServices.binding.cpp" />
    <ClCompile Include="Private\Scripting\InteropServices.cpp" />
    <ClCompile Include="Private\Rendering\D3D12Impl\Camera.binding.cpp" />
    <ClCompile Include="Private\Rendering\D3D12Impl\Camera.cpp" />
    <ClCompile Include="Private\Rendering\Light.binding.cpp" />
    <ClCompile Include="Private\Rendering\Light.cpp" />
    <ClCompile Include="Private\Rendering\RenderGraphImpl\RenderGraphCore.cpp" />
    <ClCompile Include="Private\Rendering\RenderGraphImpl\RenderGraphResource.cpp" />
    <ClCompile Include="Private\Rendering\RenderPipeline.binding.cpp" />
    <ClCompile Include="Private\Rendering\RenderPipeline.cpp" />
    <ClCompile Include="Private\Rendering\Display.cpp" />
    <ClCompile Include="Private\Rendering\D3D12Impl\GfxBuffer.cpp" />
    <ClCompile Include="Private\Rendering\D3D12Impl\GfxCommandContext.cpp" />
    <ClCompile Include="Private\Rendering\D3D12Impl\GfxCommandQueue.cpp" />
    <ClCompile Include="Private\Rendering\D3D12Impl\GfxDescriptor.cpp" />
    <ClCompile Include="Private\Rendering\D3D12Impl\GfxDevice.cpp" />
    <ClCompile Include="Private\Rendering\D3D12Impl\GfxException.cpp" />
    <ClCompile Include="Private\Rendering\D3D12Impl\GfxFence.cpp" />
    <ClCompile Include="Private\Rendering\D3D12Impl\GfxMesh.binding.cpp" />
    <ClCompile Include="Private\Rendering\D3D12Impl\GfxMesh.cpp" />
    <ClCompile Include="Private\Rendering\D3D12Impl\GfxResource.cpp" />
    <ClCompile Include="Private\Rendering\D3D12Impl\GfxSettings.binding.cpp" />
    <ClCompile Include="Private\Rendering\D3D12Impl\GfxSwapChain.cpp" />
    <ClCompile Include="Private\Rendering\D3D12Impl\GfxTexture.binding.cpp" />
    <ClCompile Include="Private\Rendering\D3D12Impl\GfxTexture.cpp" />
    <ClCompile Include="Private\Rendering\D3D12Impl\GfxTextureDesc.cpp" />
    <ClCompile Include="Private\Rendering\D3D12Impl\GfxUtils.cpp" />
    <ClCompile Include="Private\Rendering\D3D12Impl\Material.binding.cpp" />
    <ClCompile Include="Private\Rendering\D3D12Impl\Material.cpp" />
    <ClCompile Include="Private\Rendering\D3D12Impl\MeshRenderer.binding.cpp" />
    <ClCompile Include="Private\Rendering\D3D12Impl\MeshRenderer.cpp" />
    <ClCompile Include="Private\Rendering\D3D12Impl\Shader.binding.cpp" />
    <ClCompile Include="Private\Rendering\D3D12Impl\ShaderGraphics.cpp" />
    <ClCompile Include="Private\Rendering\D3D12Impl\ShaderKeyword.cpp" />
    <ClCompile Include="Private\Rendering\D3D12Impl\ShaderProgram.cpp" />
    <ClCompile Include="Private\pch.cpp" />
    <ClCompile Include="Private\JobManager.cpp" />
    <ClCompile Include="Private\JobManager.binding.cpp" />
    <ClCompile Include="Private\Object.binding.cpp" />
    <ClCompile Include="Private\Rendering\D3D12Impl\ShaderUtils.cpp" />
    <ClCompile Include="Private\Rendering\D3D12Impl\ShaderCompute.cpp" />
    <ClCompile Include="Private\Rendering\D3D12Impl\GfxPipeline.cpp" />
    <ClCompile Include="Private\Profiling\FrameDebugger.cpp" />
    <ClCompile Include="Private\Rendering\RenderPipelineResource.cpp" />
    <ClCompile Include="Private\ImGui\ImGuiStyleManager.cpp" />
  </ItemGroup>
</Project>