<?xml version="1.0" encoding="utf-8"?>
<Project ToolsVersion="4.0" xmlns="http://schemas.microsoft.com/developer/msbuild/2003">
  <ItemGroup>
    <Filter Include="Public">
      <UniqueIdentifier>{5cf4ab60-7fad-4548-ba8b-4d361c673022}</UniqueIdentifier>
    </Filter>
    <Filter Include="Private">
      <UniqueIdentifier>{48005241-b113-4490-be2a-23a637b9064e}</UniqueIdentifier>
    </Filter>
    <Filter Include="ThirdParty">
      <UniqueIdentifier>{c76b9627-d08f-4dda-94d5-c145c42dd09d}</UniqueIdentifier>
    </Filter>
  </ItemGroup>
  <ItemGroup>
    <ClCompile Include="Private\Debug.binding.cpp">
      <Filter>Private</Filter>
    </ClCompile>
    <ClCompile Include="Private\Debug.cpp">
      <Filter>Private</Filter>
    </ClCompile>
    <ClCompile Include="Private\GameTimer.cpp">
      <Filter>Private</Filter>
    </ClCompile>
    <ClCompile Include="Private\IEngine.binding.cpp">
      <Filter>Private</Filter>
    </ClCompile>
    <ClCompile Include="Private\WinApplication.binding.cpp">
      <Filter>Private</Filter>
    </ClCompile>
    <ClCompile Include="Private\WinApplication.cpp">
      <Filter>Private</Filter>
    </ClCompile>
    <ClCompile Include="Private\Component.binding.cpp">
      <Filter>Private</Filter>
    </ClCompile>
    <ClCompile Include="Private\Transform.cpp">
      <Filter>Private</Filter>
    </ClCompile>
    <ClCompile Include="Private\Transform.binding.cpp">
      <Filter>Private</Filter>
    </ClCompile>
    <ClCompile Include="Private\AssetManager.cpp">
      <Filter>Private</Filter>
    </ClCompile>
    <ClCompile Include="Private\imgui_impl_dx12.cpp">
      <Filter>Private</Filter>
    </ClCompile>
    <ClCompile Include="Private\Gizmos.cpp">
      <Filter>Private</Filter>
    </ClCompile>
    <ClCompile Include="Private\Gizmos.binding.cpp">
      <Filter>Private</Filter>
    </ClCompile>
  </ItemGroup>
  <ItemGroup>
    <ClInclude Include="Public\Debug.h">
      <Filter>Public</Filter>
    </ClInclude>
    <ClInclude Include="Public\GameTimer.h">
      <Filter>Public</Filter>
    </ClInclude>
    <ClInclude Include="Public\IEngine.h">
      <Filter>Public</Filter>
    </ClInclude>
    <ClInclude Include="Public\WinApplication.h">
      <Filter>Public</Filter>
    </ClInclude>
    <ClInclude Include="Public\Component.h">
      <Filter>Public</Filter>
    </ClInclude>
    <ClInclude Include="Public\Transform.h">
      <Filter>Public</Filter>
    </ClInclude>
    <ClInclude Include="ThirdParty\IconsFontAwesome6.h">
      <Filter>ThirdParty</Filter>
    </ClInclude>
    <ClInclude Include="ThirdParty\IconsFontAwesome6Brands.h">
      <Filter>ThirdParty</Filter>
    </ClInclude>
    <ClInclude Include="Public\AssetManger.h">
      <Filter>Public</Filter>
    </ClInclude>
    <ClInclude Include="Public\imgui_impl_dx12.h">
      <Filter>Public</Filter>
    </ClInclude>
    <ClInclude Include="Public\Gizmos.h">
      <Filter>Public</Filter>
    </ClInclude>
  </ItemGroup>
</Project>