<?xml version="1.0" encoding="utf-8"?>
<Project ToolsVersion="4.0" xmlns="http://schemas.microsoft.com/developer/msbuild/2003">
  <ItemGroup>
    <ClCompile Include="Private\ConsoleWindow.binding.cpp" />
    <ClCompile Include="Private\ConsoleWindow.cpp" />
    <ClCompile Include="Private\DescriptorHeapDebuggerWindow.binding.cpp" />
    <ClCompile Include="Private\DescriptorHeapDebuggerWindow.cpp" />
    <ClCompile Include="Private\DragDrop.binding.cpp" />
    <ClCompile Include="Private\EditorApplication.binding.cpp" />
    <ClCompile Include="Private\EditorApplication.cpp" />
    <ClCompile Include="Private\EditorGUI.binding.cpp" />
    <ClCompile Include="Private\EditorGUI.cpp" />
    <ClCompile Include="Private\EditorWindow.binding.cpp" />
    <ClCompile Include="Private\EditorWindow.cpp" />
    <ClCompile Include="Private\GraphicsDebuggerWindow.binding.cpp" />
    <ClCompile Include="Private\GraphicsDebuggerWindow.cpp" />
    <ClCompile Include="Private\ImGuiDemoWindow.binding.cpp" />
    <ClCompile Include="Private\ImGuiDemoWindow.cpp" />
    <ClCompile Include="Private\RenderGraphDebuggerWindow.binding.cpp" />
    <ClCompile Include="Private\RenderGraphDebuggerWindow.cpp" />
    <ClCompile Include="Private\SceneWindow.binding.cpp" />
    <ClCompile Include="Private\SceneWindow.cpp" />
    <ClCompile Include="Private\WinMain.cpp" />
    <ClCompile Include="Private\pch.cpp" />
  </ItemGroup>
  <ItemGroup>
    <ClInclude Include="Internal\Editor\ConsoleWindow.h" />
    <ClInclude Include="Internal\Editor\DescriptorHeapDebuggerWindow.h" />
    <ClInclude Include="Internal\Editor\EditorApplication.h" />
    <ClInclude Include="Internal\Editor\EditorGUI.h" />
    <ClInclude Include="Internal\Editor\EditorWindow.h" />
    <ClInclude Include="Internal\Editor\GraphicsDebuggerWindow.h" />
    <ClInclude Include="Internal\Editor\ImGuiDemoWindow.h" />
    <ClInclude Include="Internal\Editor\RenderGraphDebuggerWindow.h" />
    <ClInclude Include="Internal\Editor\SceneWindow.h" />
    <ClInclude Include="Internal\pch.h" />
    <ClInclude Include="ThirdParty\imoguizmo.hpp" />
  </ItemGroup>
</Project>