<?xml version="1.0" encoding="utf-8"?>
<Project ToolsVersion="4.0" xmlns="http://schemas.microsoft.com/developer/msbuild/2003">
  <ItemGroup>
    <Filter Include="Public">
      <UniqueIdentifier>{fa792cc7-79d5-4be7-92e8-3f3b5e4838db}</UniqueIdentifier>
    </Filter>
    <Filter Include="Private">
      <UniqueIdentifier>{5f9eb7b5-3db0-46a2-a2ab-0475e3a14c02}</UniqueIdentifier>
    </Filter>
  </ItemGroup>
  <ItemGroup>
    <ClCompile Include="Private\EditorGUI.binding.cpp">
      <Filter>Private</Filter>
    </ClCompile>
    <ClCompile Include="Private\EditorGUI.cpp">
      <Filter>Private</Filter>
    </ClCompile>
    <ClCompile Include="Private\GameEditor.cpp">
      <Filter>Private</Filter>
    </ClCompile>
    <ClCompile Include="Private\WinMain.cpp">
      <Filter>Private</Filter>
    </ClCompile>
    <ClCompile Include="Private\SceneWindow.cpp">
      <Filter>Private</Filter>
    </ClCompile>
    <ClCompile Include="Private\SceneWindow.binding.cpp">
      <Filter>Private</Filter>
    </ClCompile>
    <ClCompile Include="Private\EditorWindow.cpp">
      <Filter>Private</Filter>
    </ClCompile>
    <ClCompile Include="Private\EditorWindow.binding.cpp">
      <Filter>Private</Filter>
    </ClCompile>
    <ClCompile Include="Private\ConsoleWindow.cpp">
      <Filter>Private</Filter>
    </ClCompile>
    <ClCompile Include="Private\ConsoleWindow.binding.cpp">
      <Filter>Private</Filter>
    </ClCompile>
    <ClCompile Include="Private\DescriptorHeapDebuggerWindow.cpp">
      <Filter>Private</Filter>
    </ClCompile>
    <ClCompile Include="Private\DescriptorHeapDebuggerWindow.binding.cpp">
      <Filter>Private</Filter>
    </ClCompile>
    <ClCompile Include="Private\ImGuiDemoWindow.cpp">
      <Filter>Private</Filter>
    </ClCompile>
    <ClCompile Include="Private\ImGuiDemoWindow.binding.cpp">
      <Filter>Private</Filter>
    </ClCompile>
    <ClCompile Include="Private\RenderGraphDebuggerWindow.cpp">
      <Filter>Private</Filter>
    </ClCompile>
    <ClCompile Include="Private\RenderGraphDebuggerWindow.binding.cpp">
      <Filter>Private</Filter>
    </ClCompile>
    <ClCompile Include="Private\GraphicsDebuggerWindow.cpp">
      <Filter>Private</Filter>
    </ClCompile>
    <ClCompile Include="Private\GraphicsDebuggerWindow.binding.cpp">
      <Filter>Private</Filter>
    </ClCompile>
  </ItemGroup>
  <ItemGroup>
    <ClInclude Include="Public\EditorGUI.h">
      <Filter>Public</Filter>
    </ClInclude>
    <ClInclude Include="Public\GameEditor.h">
      <Filter>Public</Filter>
    </ClInclude>
    <ClInclude Include="Public\SceneWindow.h">
      <Filter>Public</Filter>
    </ClInclude>
    <ClInclude Include="Public\EditorWindow.h">
      <Filter>Public</Filter>
    </ClInclude>
    <ClInclude Include="Public\ConsoleWindow.h">
      <Filter>Public</Filter>
    </ClInclude>
    <ClInclude Include="Public\DescriptorHeapDebuggerWindow.h">
      <Filter>Public</Filter>
    </ClInclude>
    <ClInclude Include="Public\ImGuiDemoWindow.h">
      <Filter>Public</Filter>
    </ClInclude>
    <ClInclude Include="Public\RenderGraphDebuggerWindow.h">
      <Filter>Public</Filter>
    </ClInclude>
    <ClInclude Include="Public\GraphicsDebuggerWindow.h">
      <Filter>Public</Filter>
    </ClInclude>
  </ItemGroup>
</Project>