<?xml version="1.0" encoding="utf-8"?>
<Project ToolsVersion="4.0" xmlns="http://schemas.microsoft.com/developer/msbuild/2003">
  <ItemGroup>
    <Filter Include="Private">
      <UniqueIdentifier>{63184019-80c0-4ce6-aa83-7e9a0b4052ea}</UniqueIdentifier>
    </Filter>
    <Filter Include="Public">
      <UniqueIdentifier>{3c9ff585-4bd6-42d6-aa65-60b6463c9cc0}</UniqueIdentifier>
    </Filter>
    <Filter Include="ThirdParty">
      <UniqueIdentifier>{c50033ab-ec4a-4cde-bdd5-f2e0cca30903}</UniqueIdentifier>
    </Filter>
  </ItemGroup>
  <ItemGroup>
    <ClInclude Include="ThirdParty\coreclr_delegates.h">
      <Filter>ThirdParty</Filter>
    </ClInclude>
    <ClInclude Include="ThirdParty\hostfxr.h">
      <Filter>ThirdParty</Filter>
    </ClInclude>
    <ClInclude Include="Public\DotNetRuntime.h">
      <Filter>Public</Filter>
    </ClInclude>
    <ClInclude Include="Public\InteropServices.h">
      <Filter>Public</Filter>
    </ClInclude>
    <ClInclude Include="Public\DotNetTypeTraits.h">
      <Filter>Public</Filter>
    </ClInclude>
    <ClInclude Include="Public\DotNetMarshal.h">
      <Filter>Public</Filter>
    </ClInclude>
  </ItemGroup>
  <ItemGroup>
    <ClCompile Include="Private\DotNetRuntime.cpp">
      <Filter>Private</Filter>
    </ClCompile>
    <ClCompile Include="Private\InteropServices.binding.cpp">
      <Filter>Private</Filter>
    </ClCompile>
  </ItemGroup>
</Project>