<?xml version="1.0" encoding="utf-8"?>
<Project ToolsVersion="4.0" xmlns="http://schemas.microsoft.com/developer/msbuild/2003">
  <ItemGroup>
    <Filter Include="Public">
      <UniqueIdentifier>{7323f877-f557-440a-88a5-d927b52549ca}</UniqueIdentifier>
    </Filter>
    <Filter Include="Private">
      <UniqueIdentifier>{15c44a22-78df-4f15-8e2f-c203cc818614}</UniqueIdentifier>
    </Filter>
  </ItemGroup>
  <ItemGroup>
    <ClInclude Include="Public\Light.h">
      <Filter>Public</Filter>
    </ClInclude>
    <ClInclude Include="Public\Material.h">
      <Filter>Public</Filter>
    </ClInclude>
    <ClInclude Include="Public\RenderObject.h">
      <Filter>Public</Filter>
    </ClInclude>
    <ClInclude Include="Public\RenderPipeline.h">
      <Filter>Public</Filter>
    </ClInclude>
    <ClInclude Include="Public\Camera.h">
      <Filter>Public</Filter>
    </ClInclude>
    <ClInclude Include="Public\Display.h">
      <Filter>Public</Filter>
    </ClInclude>
    <ClInclude Include="Public\RenderGraph.h">
      <Filter>Public</Filter>
    </ClInclude>
    <ClInclude Include="Public\RenderGraphPass.h">
      <Filter>Public</Filter>
    </ClInclude>
    <ClInclude Include="Public\RenderGraphResourcePool.h">
      <Filter>Public</Filter>
    </ClInclude>
  </ItemGroup>
  <ItemGroup>
    <ClCompile Include="Private\Light.binding.cpp">
      <Filter>Private</Filter>
    </ClCompile>
    <ClCompile Include="Private\Material.binding.cpp">
      <Filter>Private</Filter>
    </ClCompile>
    <ClCompile Include="Private\Material.cpp">
      <Filter>Private</Filter>
    </ClCompile>
    <ClCompile Include="Private\RenderObject.binding.cpp">
      <Filter>Private</Filter>
    </ClCompile>
    <ClCompile Include="Private\RenderPipeline.binding.cpp">
      <Filter>Private</Filter>
    </ClCompile>
    <ClCompile Include="Private\RenderPipeline.cpp">
      <Filter>Private</Filter>
    </ClCompile>
    <ClCompile Include="Private\Light.cpp">
      <Filter>Private</Filter>
    </ClCompile>
    <ClCompile Include="Private\RenderObject.cpp">
      <Filter>Private</Filter>
    </ClCompile>
    <ClCompile Include="Private\Camera.cpp">
      <Filter>Private</Filter>
    </ClCompile>
    <ClCompile Include="Private\Display.cpp">
      <Filter>Private</Filter>
    </ClCompile>
    <ClCompile Include="Private\Camera.binding.cpp">
      <Filter>Private</Filter>
    </ClCompile>
    <ClCompile Include="Private\RenderGraph.cpp">
      <Filter>Private</Filter>
    </ClCompile>
    <ClCompile Include="Private\RenderGraphResourcePool.cpp">
      <Filter>Private</Filter>
    </ClCompile>
    <ClCompile Include="Private\RenderGraphPass.cpp">
      <Filter>Private</Filter>
    </ClCompile>
  </ItemGroup>
</Project>