<?xml version="1.0" encoding="utf-8"?>
<Project ToolsVersion="4.0" xmlns="http://schemas.microsoft.com/developer/msbuild/2003">
  <ItemGroup>
    <Filter Include="Public">
      <UniqueIdentifier>{67016dff-8ccd-46cd-8f31-d5874af97679}</UniqueIdentifier>
    </Filter>
    <Filter Include="ThirdParty">
      <UniqueIdentifier>{27db24ef-2167-4b52-ac56-3ffae250ce84}</UniqueIdentifier>
    </Filter>
    <Filter Include="Private">
      <UniqueIdentifier>{fa00d2af-1ab1-4224-a015-a01aa5746c84}</UniqueIdentifier>
    </Filter>
  </ItemGroup>
  <ItemGroup>
    <ClInclude Include="Public\GfxDescriptorHeap.h">
      <Filter>Public</Filter>
    </ClInclude>
    <ClInclude Include="Public\GfxMesh.h">
      <Filter>Public</Filter>
    </ClInclude>
    <ClInclude Include="Public\GfxTexture.h">
      <Filter>Public</Filter>
    </ClInclude>
    <ClInclude Include="ThirdParty\renderdoc_app.h">
      <Filter>ThirdParty</Filter>
    </ClInclude>
    <ClInclude Include="Public\GfxFence.h">
      <Filter>Public</Filter>
    </ClInclude>
    <ClInclude Include="Public\GfxDevice.h">
      <Filter>Public</Filter>
    </ClInclude>
    <ClInclude Include="Public\GfxSwapChain.h">
      <Filter>Public</Filter>
    </ClInclude>
    <ClInclude Include="Public\GfxCommandQueue.h">
      <Filter>Public</Filter>
    </ClInclude>
    <ClInclude Include="Public\GfxCommandList.h">
      <Filter>Public</Filter>
    </ClInclude>
    <ClInclude Include="Public\GfxResource.h">
      <Filter>Public</Filter>
    </ClInclude>
    <ClInclude Include="Public\GfxBuffer.h">
      <Filter>Public</Filter>
    </ClInclude>
    <ClInclude Include="Public\RenderDoc.h">
      <Filter>Public</Filter>
    </ClInclude>
    <ClInclude Include="Public\GfxExcept.h">
      <Filter>Public</Filter>
    </ClInclude>
    <ClInclude Include="Public\Shader.h">
      <Filter>Public</Filter>
    </ClInclude>
    <ClInclude Include="Public\GfxSettings.h">
      <Filter>Public</Filter>
    </ClInclude>
    <ClInclude Include="Public\GfxHelpers.h">
      <Filter>Public</Filter>
    </ClInclude>
    <ClInclude Include="Public\GfxEnums.h">
      <Filter>Public</Filter>
    </ClInclude>
    <ClInclude Include="Public\Material.h">
      <Filter>Public</Filter>
    </ClInclude>
    <ClInclude Include="Public\GfxPipelineState.h">
      <Filter>Public</Filter>
    </ClInclude>
  </ItemGroup>
  <ItemGroup>
    <ClCompile Include="Private\GfxDescriptorHeap.cpp">
      <Filter>Private</Filter>
    </ClCompile>
    <ClCompile Include="Private\GfxMesh.binding.cpp">
      <Filter>Private</Filter>
    </ClCompile>
    <ClCompile Include="Private\Texture.binding.cpp">
      <Filter>Private</Filter>
    </ClCompile>
    <ClCompile Include="Private\GfxTexture.cpp">
      <Filter>Private</Filter>
    </ClCompile>
    <ClCompile Include="Private\GfxFence.cpp">
      <Filter>Private</Filter>
    </ClCompile>
    <ClCompile Include="Private\GfxExcept.cpp">
      <Filter>Private</Filter>
    </ClCompile>
    <ClCompile Include="Private\GfxSwapChain.cpp">
      <Filter>Private</Filter>
    </ClCompile>
    <ClCompile Include="Private\GfxCommandQueue.cpp">
      <Filter>Private</Filter>
    </ClCompile>
    <ClCompile Include="Private\GfxDevice.cpp">
      <Filter>Private</Filter>
    </ClCompile>
    <ClCompile Include="Private\GfxCommandList.cpp">
      <Filter>Private</Filter>
    </ClCompile>
    <ClCompile Include="Private\GfxResource.cpp">
      <Filter>Private</Filter>
    </ClCompile>
    <ClCompile Include="Private\GfxBuffer.cpp">
      <Filter>Private</Filter>
    </ClCompile>
    <ClCompile Include="Private\RenderDoc.cpp">
      <Filter>Private</Filter>
    </ClCompile>
    <ClCompile Include="Private\GfxMesh.cpp">
      <Filter>Private</Filter>
    </ClCompile>
    <ClCompile Include="Private\Shader.binding.cpp">
      <Filter>Private</Filter>
    </ClCompile>
    <ClCompile Include="Private\Shader.cpp">
      <Filter>Private</Filter>
    </ClCompile>
    <ClCompile Include="Private\GfxHelpers.cpp">
      <Filter>Private</Filter>
    </ClCompile>
    <ClCompile Include="Private\GfxSettings.binding.cpp">
      <Filter>Private</Filter>
    </ClCompile>
    <ClCompile Include="Private\ShaderProgram.cpp">
      <Filter>Private</Filter>
    </ClCompile>
    <ClCompile Include="Private\ShaderRootSignature.cpp">
      <Filter>Private</Filter>
    </ClCompile>
    <ClCompile Include="Private\ShaderKeyword.cpp">
      <Filter>Private</Filter>
    </ClCompile>
    <ClCompile Include="Private\Material.binding.cpp">
      <Filter>Private</Filter>
    </ClCompile>
    <ClCompile Include="Private\Material.cpp">
      <Filter>Private</Filter>
    </ClCompile>
    <ClCompile Include="Private\GfxPipelineState.cpp">
      <Filter>Private</Filter>
    </ClCompile>
  </ItemGroup>
</Project>